[root]
name = "lists"
version = "0.1.0"
dependencies = [
 "csv 0.14.7 (registry+https://github.com/rust-lang/crates.io-index)",
 "itertools 0.5.8 (registry+https://github.com/rust-lang/crates.io-index)",
 "rustc-serialize 0.3.22 (registry+https://github.com/rust-lang/crates.io-index)",
]

[[package]]
name = "byteorder"
version = "0.5.3"
source = "registry+https://github.com/rust-lang/crates.io-index"

[[package]]
name = "csv"
version = "0.14.7"
source = "registry+https://github.com/rust-lang/crates.io-index"
dependencies = [
 "byteorder 0.5.3 (registry+https://github.com/rust-lang/crates.io-index)",
 "rustc-serialize 0.3.22 (registry+https://github.com/rust-lang/crates.io-index)",
]

[[package]]
name = "either"
version = "1.0.2"
source = "registry+https://github.com/rust-lang/crates.io-index"

[[package]]
name = "itertools"
version = "0.5.8"
source = "registry+https://github.com/rust-lang/crates.io-index"
dependencies = [
 "either 1.0.2 (registry+https://github.com/rust-lang/crates.io-index)",
]

[[package]]
name = "rustc-serialize"
version = "0.3.22"
source = "registry+https://github.com/rust-lang/crates.io-index"

[metadata]
"checksum byteorder 0.5.3 (registry+https://github.com/rust-lang/crates.io-index)" = "0fc10e8cc6b2580fda3f36eb6dc5316657f812a3df879a44a66fc9f0fdbc4855"
"checksum csv 0.14.7 (registry+https://github.com/rust-lang/crates.io-index)" = "266c1815d7ca63a5bd86284043faf91e8c95e943e55ce05dc0ae08e952de18bc"
"checksum either 1.0.2 (registry+https://github.com/rust-lang/crates.io-index)" = "3d2b503c86dad62aaf414ecf2b8c527439abedb3f8d812537f0b12bfd6f32a91"
"checksum itertools 0.5.8 (registry+https://github.com/rust-lang/crates.io-index)" = "c6946da472dbbcbd98c049050e8e587cc4ee26985992e582b1d74a35cb8a7020"
"checksum rustc-serialize 0.3.22 (registry+https://github.com/rust-lang/crates.io-index)" = "237546c689f20bb44980270c73c3b9edd0891c1be49cc1274406134a66d3957b"
